
Microsoft Visual Studio Solution File, Format Version 12.00
# Visual Studio Version 17
VisualStudioVersion = 17.12.35527.113
MinimumVisualStudioVersion = 10.0.40219.1
Project("{FAE04EC0-301F-11D3-BF4B-00C04F79EFBC}") = "Task1_1", "Task1_1\Task1_1.csproj", "{C6A30051-6D2A-4119-89CA-B92704C0C578}"
EndProject
Project("{FAE04EC0-301F-11D3-BF4B-00C04F79EFBC}") = "Task1_2", "Task1_2\Task1_2.csproj", "{75DD4B10-05E2-41F1-B79E-EFD4689A453D}"
EndProject
Project("{FAE04EC0-301F-11D3-BF4B-00C04F79EFBC}") = "Task2_1", "Task2_1\Task2_1.csproj", "{AB3EAE8A-22AF-41DE-BB27-13A9D63FCD93}"
EndProject
Global
	GlobalSection(SolutionConfigurationPlatforms) = preSolution
		Debug|Any CPU = Debug|Any CPU
		Release|Any CPU = Release|Any CPU
	EndGlobalSection
	GlobalSection(ProjectConfigurationPlatforms) = postSolution
		{C6A30051-6D2A-4119-89CA-B92704C0C578}.Debug|Any CPU.ActiveCfg = Debug|Any CPU
		{C6A30051-6D2A-4119-89CA-B92704C0C578}.Debug|Any CPU.Build.0 = Debug|Any CPU
		{C6A30051-6D2A-4119-89CA-B92704C0C578}.Release|Any CPU.ActiveCfg = Release|Any CPU
		{C6A30051-6D2A-4119-89CA-B92704C0C578}.Release|Any CPU.Build.0 = Release|Any CPU
		{75DD4B10-05E2-41F1-B79E-EFD4689A453D}.Debug|Any CPU.ActiveCfg = Debug|Any CPU
		{75DD4B10-05E2-41F1-B79E-EFD4689A453D}.Debug|Any CPU.Build.0 = Debug|Any CPU
		{75DD4B10-05E2-41F1-B79E-EFD4689A453D}.Release|Any CPU.ActiveCfg = Release|Any CPU
		{75DD4B10-05E2-41F1-B79E-EFD4689A453D}.Release|Any CPU.Build.0 = Release|Any CPU
		{AB3EAE8A-22AF-41DE-BB27-13A9D63FCD93}.Debug|Any CPU.ActiveCfg = Debug|Any CPU
		{AB3EAE8A-22AF-41DE-BB27-13A9D63FCD93}.Debug|Any CPU.Build.0 = Debug|Any CPU
		{AB3EAE8A-22AF-41DE-BB27-13A9D63FCD93}.Release|Any CPU.ActiveCfg = Release|Any CPU
		{AB3EAE8A-22AF-41DE-BB27-13A9D63FCD93}.Release|Any CPU.Build.0 = Release|Any CPU
	EndGlobalSection
	GlobalSection(SolutionProperties) = preSolution
		HideSolutionNode = FALSE
	EndGlobalSection
EndGlobal
