
Microsoft Visual Studio Solution File, Format Version 12.00
# Visual Studio Version 17
VisualStudioVersion = 17.12.35527.113
MinimumVisualStudioVersion = 10.0.40219.1
Project("{FAE04EC0-301F-11D3-BF4B-00C04F79EFBC}") = "Task5_1", "Task5_1\Task5_1.csproj", "{2B26E94B-1639-42C1-A620-40010BAC31DB}"
EndProject
Project("{FAE04EC0-301F-11D3-BF4B-00C04F79EFBC}") = "Task5_2", "Task5_2\Task5_2.csproj", "{36E1C9D4-32C8-4B02-B209-D8CA1A2A8C7A}"
EndProject
Project("{FAE04EC0-301F-11D3-BF4B-00C04F79EFBC}") = "Task5_3", "Task5_3\Task5_3.csproj", "{2EFD20BA-ABB6-4DCE-A4F1-72BC4C1CDD79}"
EndProject
Project("{FAE04EC0-301F-11D3-BF4B-00C04F79EFBC}") = "Task5_4", "Task5_4\Task5_4.csproj", "{57FC4A0B-00C3-4B86-97F1-D6016F226C60}"
EndProject
Project("{FAE04EC0-301F-11D3-BF4B-00C04F79EFBC}") = "Task5_5", "Task5_5\Task5_5.csproj", "{145B1864-6E98-42BA-9F41-30B672DB069B}"
EndProject
Project("{FAE04EC0-301F-11D3-BF4B-00C04F79EFBC}") = "Task5_6", "Task5_6\Task5_6.csproj", "{50C7B728-78D3-47A4-B778-45BA88C5C926}"
EndProject
Project("{FAE04EC0-301F-11D3-BF4B-00C04F79EFBC}") = "Task5_7", "Task5_7\Task5_7.csproj", "{37E44DB6-2F3F-4BBD-89E9-0D162ED5EA13}"
EndProject
Global
	GlobalSection(SolutionConfigurationPlatforms) = preSolution
		Debug|Any CPU = Debug|Any CPU
		Release|Any CPU = Release|Any CPU
	EndGlobalSection
	GlobalSection(ProjectConfigurationPlatforms) = postSolution
		{2B26E94B-1639-42C1-A620-40010BAC31DB}.Debug|Any CPU.ActiveCfg = Debug|Any CPU
		{2B26E94B-1639-42C1-A620-40010BAC31DB}.Debug|Any CPU.Build.0 = Debug|Any CPU
		{2B26E94B-1639-42C1-A620-40010BAC31DB}.Release|Any CPU.ActiveCfg = Release|Any CPU
		{2B26E94B-1639-42C1-A620-40010BAC31DB}.Release|Any CPU.Build.0 = Release|Any CPU
		{36E1C9D4-32C8-4B02-B209-D8CA1A2A8C7A}.Debug|Any CPU.ActiveCfg = Debug|Any CPU
		{36E1C9D4-32C8-4B02-B209-D8CA1A2A8C7A}.Debug|Any CPU.Build.0 = Debug|Any CPU
		{36E1C9D4-32C8-4B02-B209-D8CA1A2A8C7A}.Release|Any CPU.ActiveCfg = Release|Any CPU
		{36E1C9D4-32C8-4B02-B209-D8CA1A2A8C7A}.Release|Any CPU.Build.0 = Release|Any CPU
		{2EFD20BA-ABB6-4DCE-A4F1-72BC4C1CDD79}.Debug|Any CPU.ActiveCfg = Debug|Any CPU
		{2EFD20BA-ABB6-4DCE-A4F1-72BC4C1CDD79}.Debug|Any CPU.Build.0 = Debug|Any CPU
		{2EFD20BA-ABB6-4DCE-A4F1-72BC4C1CDD79}.Release|Any CPU.ActiveCfg = Release|Any CPU
		{2EFD20BA-ABB6-4DCE-A4F1-72BC4C1CDD79}.Release|Any CPU.Build.0 = Release|Any CPU
		{57FC4A0B-00C3-4B86-97F1-D6016F226C60}.Debug|Any CPU.ActiveCfg = Debug|Any CPU
		{57FC4A0B-00C3-4B86-97F1-D6016F226C60}.Debug|Any CPU.Build.0 = Debug|Any CPU
		{57FC4A0B-00C3-4B86-97F1-D6016F226C60}.Release|Any CPU.ActiveCfg = Release|Any CPU
		{57FC4A0B-00C3-4B86-97F1-D6016F226C60}.Release|Any CPU.Build.0 = Release|Any CPU
		{145B1864-6E98-42BA-9F41-30B672DB069B}.Debug|Any CPU.ActiveCfg = Debug|Any CPU
		{145B1864-6E98-42BA-9F41-30B672DB069B}.Debug|Any CPU.Build.0 = Debug|Any CPU
		{145B1864-6E98-42BA-9F41-30B672DB069B}.Release|Any CPU.ActiveCfg = Release|Any CPU
		{145B1864-6E98-42BA-9F41-30B672DB069B}.Release|Any CPU.Build.0 = Release|Any CPU
		{50C7B728-78D3-47A4-B778-45BA88C5C926}.Debug|Any CPU.ActiveCfg = Debug|Any CPU
		{50C7B728-78D3-47A4-B778-45BA88C5C926}.Debug|Any CPU.Build.0 = Debug|Any CPU
		{50C7B728-78D3-47A4-B778-45BA88C5C926}.Release|Any CPU.ActiveCfg = Release|Any CPU
		{50C7B728-78D3-47A4-B778-45BA88C5C926}.Release|Any CPU.Build.0 = Release|Any CPU
		{37E44DB6-2F3F-4BBD-89E9-0D162ED5EA13}.Debug|Any CPU.ActiveCfg = Debug|Any CPU
		{37E44DB6-2F3F-4BBD-89E9-0D162ED5EA13}.Debug|Any CPU.Build.0 = Debug|Any CPU
		{37E44DB6-2F3F-4BBD-89E9-0D162ED5EA13}.Release|Any CPU.ActiveCfg = Release|Any CPU
		{37E44DB6-2F3F-4BBD-89E9-0D162ED5EA13}.Release|Any CPU.Build.0 = Release|Any CPU
	EndGlobalSection
	GlobalSection(SolutionProperties) = preSolution
		HideSolutionNode = FALSE
	EndGlobalSection
	GlobalSection(ExtensibilityGlobals) = postSolution
		SolutionGuid = {66E4B43A-C935-4857-8B08-74D7992A620A}
	EndGlobalSection
EndGlobal
